// !$*UTF8*$!
{
	archiveVersion = 1;
	classes = {
	};
	objectVersion = 50;
	objects = {

/* Begin PBXBuildFile section */
		5566485C25FA9DC900B5A6E7 /* TextEntity.swift in Sources */ = {isa = PBXBuildFile; fileRef = 5566485B25FA9DC900B5A6E7 /* TextEntity.swift */; };
		55CDB74C25CBA1E0001DAEBD /* AppDelegate.swift in Sources */ = {isa = PBXBuildFile; fileRef = 55CDB74B25CBA1E0001DAEBD /* AppDelegate.swift */; };
		55CDB74E25CBA1E0001DAEBD /* ContentView.swift in Sources */ = {isa = PBXBuildFile; fileRef = 55CDB74D25CBA1E0001DAEBD /* ContentView.swift */; };
		55CDB75225CBA1E1001DAEBD /* Assets.xcassets in Resources */ = {isa = PBXBuildFile; fileRef = 55CDB75125CBA1E1001DAEBD /* Assets.xcassets */; };
		55CDB75525CBA1E1001DAEBD /* Preview Assets.xcassets in Resources */ = {isa = PBXBuildFile; fileRef = 55CDB75425CBA1E1001DAEBD /* Preview Assets.xcassets */; };
		55CDB77625CBA51E001DAEBD /* README.md in Resources */ = {isa = PBXBuildFile; fileRef = 55CDB77525CBA51E001DAEBD /* README.md */; };
		55CDB77925CBAEBF001DAEBD /* TextARView.swift in Sources */ = {isa = PBXBuildFile; fileRef = 55CDB77825CBAEBF001DAEBD /* TextARView.swift */; };
/* End PBXBuildFile section */

/* Begin PBXFileReference section */
		5566485B25FA9DC900B5A6E7 /* TextEntity.swift */ = {isa = PBXFileReference; fileEncoding = 4; lastKnownFileType = sourcecode.swift; path = TextEntity.swift; sourceTree = "<group>"; };
		55CDB74825CBA1E0001DAEBD /* RealityKit-Text-Example.app */ = {isa = PBXFileReference; explicitFileType = wrapper.application; includeInIndex = 0; path = "RealityKit-Text-Example.app"; sourceTree = BUILT_PRODUCTS_DIR; };
		55CDB74B25CBA1E0001DAEBD /* AppDelegate.swift */ = {isa = PBXFileReference; lastKnownFileType = sourcecode.swift; path = AppDelegate.swift; sourceTree = "<group>"; };
		55CDB74D25CBA1E0001DAEBD /* ContentView.swift */ = {isa = PBXFileReference; lastKnownFileType = sourcecode.swift; path = ContentView.swift; sourceTree = "<group>"; };
		55CDB75125CBA1E1001DAEBD /* Assets.xcassets */ = {isa = PBXFileReference; lastKnownFileType = folder.assetcatalog; path = Assets.xcassets; sourceTree = "<group>"; };
		55CDB75425CBA1E1001DAEBD /* Preview Assets.xcassets */ = {isa = PBXFileReference; lastKnownFileType = folder.assetcatalog; path = "Preview Assets.xcassets"; sourceTree = "<group>"; };
		55CDB75625CBA1E1001DAEBD /* Info.plist */ = {isa = PBXFileReference; lastKnownFileType = text.plist.xml; path = Info.plist; sourceTree = "<group>"; };
		55CDB77525CBA51E001DAEBD /* README.md */ = {isa = PBXFileReference; fileEncoding = 4; lastKnownFileType = net.daringfireball.markdown; name = README.md; path = ../../README.md; sourceTree = "<group>"; };
		55CDB77825CBAEBF001DAEBD /* TextARView.swift */ = {isa = PBXFileReference; lastKnownFileType = sourcecode.swift; path = TextARView.swift; sourceTree = "<group>"; };
/* End PBXFileReference section */

/* Begin PBXFrameworksBuildPhase section */
		55CDB74525CBA1E0001DAEBD /* Frameworks */ = {
			isa = PBXFrameworksBuildPhase;
			buildActionMask = 2147483647;
			files = (
			);
			runOnlyForDeploymentPostprocessing = 0;
		};
/* End PBXFrameworksBuildPhase section */

/* Begin PBXGroup section */
		5566485A25FA9DC900B5A6E7 /* TextEntity */ = {
			isa = PBXGroup;
			children = (
				5566485B25FA9DC900B5A6E7 /* TextEntity.swift */,
			);
			name = TextEntity;
			path = ../../Sources/TextEntity;
			sourceTree = "<group>";
		};
		55CDB73F25CBA1E0001DAEBD = {
			isa = PBXGroup;
			children = (
				55CDB74A25CBA1E0001DAEBD /* RealityKit-Text-Example */,
				55CDB74925CBA1E0001DAEBD /* Products */,
			);
			sourceTree = "<group>";
		};
		55CDB74925CBA1E0001DAEBD /* Products */ = {
			isa = PBXGroup;
			children = (
				55CDB74825CBA1E0001DAEBD /* RealityKit-Text-Example.app */,
			);
			name = Products;
			sourceTree = "<group>";
		};
		55CDB74A25CBA1E0001DAEBD /* RealityKit-Text-Example */ = {
			isa = PBXGroup;
			children = (
				55CDB77525CBA51E001DAEBD /* README.md */,
				55CDB74B25CBA1E0001DAEBD /* AppDelegate.swift */,
				55CDB74D25CBA1E0001DAEBD /* ContentView.swift */,
				55CDB77825CBAEBF001DAEBD /* TextARView.swift */,
				55CDB75125CBA1E1001DAEBD /* Assets.xcassets */,
				55CDB75625CBA1E1001DAEBD /* Info.plist */,
				5566485A25FA9DC900B5A6E7 /* TextEntity */,
				55CDB75325CBA1E1001DAEBD /* Preview Content */,
			);
			path = "RealityKit-Text-Example";
			sourceTree = "<group>";
		};
		55CDB75325CBA1E1001DAEBD /* Preview Content */ = {
			isa = PBXGroup;
			children = (
				55CDB75425CBA1E1001DAEBD /* Preview Assets.xcassets */,
			);
			path = "Preview Content";
			sourceTree = "<group>";
		};
/* End PBXGroup section */

/* Begin PBXNativeTarget section */
		55CDB74725CBA1E0001DAEBD /* RealityKit-Text-Example */ = {
			isa = PBXNativeTarget;
			buildConfigurationList = 55CDB75925CBA1E1001DAEBD /* Build configuration list for PBXNativeTarget "RealityKit-Text-Example" */;
			buildPhases = (
				55CDB74425CBA1E0001DAEBD /* Sources */,
				55CDB74525CBA1E0001DAEBD /* Frameworks */,
				55CDB74625CBA1E0001DAEBD /* Resources */,
			);
			buildRules = (
			);
			dependencies = (
			);
			name = "RealityKit-Text-Example";
			productName = "TextPlacement-Example";
			productReference = 55CDB74825CBA1E0001DAEBD /* RealityKit-Text-Example.app */;
			productType = "com.apple.product-type.application";
		};
/* End PBXNativeTarget section */

/* Begin PBXProject section */
		55CDB74025CBA1E0001DAEBD /* Project object */ = {
			isa = PBXProject;
			attributes = {
				LastSwiftUpdateCheck = 1220;
				LastUpgradeCheck = 1220;
				TargetAttributes = {
					55CDB74725CBA1E0001DAEBD = {
						CreatedOnToolsVersion = 12.2;
					};
				};
			};
			buildConfigurationList = 55CDB74325CBA1E0001DAEBD /* Build configuration list for PBXProject "RealityKit-Text-Example" */;
			compatibilityVersion = "Xcode 9.3";
			developmentRegion = en;
			hasScannedForEncodings = 0;
			knownRegions = (
				en,
				Base,
			);
			mainGroup = 55CDB73F25CBA1E0001DAEBD;
			productRefGroup = 55CDB74925CBA1E0001DAEBD /* Products */;
			projectDirPath = "";
			projectRoot = "";
			targets = (
				55CDB74725CBA1E0001DAEBD /* RealityKit-Text-Example */,
			);
		};
/* End PBXProject section */

/* Begin PBXResourcesBuildPhase section */
		55CDB74625CBA1E0001DAEBD /* Resources */ = {
			isa = PBXResourcesBuildPhase;
			buildActionMask = 2147483647;
			files = (
				55CDB77625CBA51E001DAEBD /* README.md in Resources */,
				55CDB75525CBA1E1001DAEBD /* Preview Assets.xcassets in Resources */,
				55CDB75225CBA1E1001DAEBD /* Assets.xcassets in Resources */,
			);
			runOnlyForDeploymentPostprocessing = 0;
		};
/* End PBXResourcesBuildPhase section */

/* Begin PBXSourcesBuildPhase section */
		55CDB74425CBA1E0001DAEBD /* Sources */ = {
			isa = PBXSourcesBuildPhase;
			buildActionMask = 2147483647;
			files = (
				55CDB77925CBAEBF001DAEBD /* TextARView.swift in Sources */,
				5566485C25FA9DC900B5A6E7 /* TextEntity.swift in Sources */,
				55CDB74E25CBA1E0001DAEBD /* ContentView.swift in Sources */,
				55CDB74C25CBA1E0001DAEBD /* AppDelegate.swift in Sources */,
			);
			runOnlyForDeploymentPostprocessing = 0;
		};
/* End PBXSourcesBuildPhase section */

/* Begin XCBuildConfiguration section */
		55CDB75725CBA1E1001DAEBD /* Debug */ = {
			isa = XCBuildConfiguration;
			buildSettings = {
				ALWAYS_SEARCH_USER_PATHS = NO;
				CLANG_ANALYZER_NONNULL = YES;
				CLANG_ANALYZER_NUMBER_OBJECT_CONVERSION = YES_AGGRESSIVE;
				CLANG_CXX_LANGUAGE_STANDARD = "gnu++14";
				CLANG_CXX_LIBRARY = "libc++";
				CLANG_ENABLE_MODULES = YES;
				CLANG_ENABLE_OBJC_ARC = YES;
				CLANG_ENABLE_OBJC_WEAK = YES;
				CLANG_WARN_BLOCK_CAPTURE_AUTORELEASING = YES;
				CLANG_WARN_BOOL_CONVERSION = YES;
				CLANG_WARN_COMMA = YES;
				CLANG_WARN_CONSTANT_CONVERSION = YES;
				CLANG_WARN_DEPRECATED_OBJC_IMPLEMENTATIONS = YES;
				CLANG_WARN_DIRECT_OBJC_ISA_USAGE = YES_ERROR;
				CLANG_WARN_DOCUMENTATION_COMMENTS = YES;
				CLANG_WARN_EMPTY_BODY = YES;
				CLANG_WARN_ENUM_CONVERSION = YES;
				CLANG_WARN_INFINITE_RECURSION = YES;
				CLANG_WARN_INT_CONVERSION = YES;
				CLANG_WARN_NON_LITERAL_NULL_CONVERSION = YES;
				CLANG_WARN_OBJC_IMPLICIT_RETAIN_SELF = YES;
				CLANG_WARN_OBJC_LITERAL_CONVERSION = YES;
				CLANG_WARN_OBJC_ROOT_CLASS = YES_ERROR;
				CLANG_WARN_QUOTED_INCLUDE_IN_FRAMEWORK_HEADER = YES;
				CLANG_WARN_RANGE_LOOP_ANALYSIS = YES;
				CLANG_WARN_STRICT_PROTOTYPES = YES;
				CLANG_WARN_SUSPICIOUS_MOVE = YES;
				CLANG_WARN_UNGUARDED_AVAILABILITY = YES_AGGRESSIVE;
				CLANG_WARN_UNREACHABLE_CODE = YES;
				CLANG_WARN__DUPLICATE_METHOD_MATCH = YES;
				COPY_PHASE_STRIP = NO;
				DEBUG_INFORMATION_FORMAT = dwarf;
				ENABLE_STRICT_OBJC_MSGSEND = YES;
				ENABLE_TESTABILITY = YES;
				GCC_C_LANGUAGE_STANDARD = gnu11;
				GCC_DYNAMIC_NO_PIC = NO;
				GCC_NO_COMMON_BLOCKS = YES;
				GCC_OPTIMIZATION_LEVEL = 0;
				GCC_PREPROCESSOR_DEFINITIONS = (
					"DEBUG=1",
					"$(inherited)",
				);
				GCC_WARN_64_TO_32_BIT_CONVERSION = YES;
				GCC_WARN_ABOUT_RETURN_TYPE = YES_ERROR;
				GCC_WARN_UNDECLARED_SELECTOR = YES;
				GCC_WARN_UNINITIALIZED_AUTOS = YES_AGGRESSIVE;
				GCC_WARN_UNUSED_FUNCTION = YES;
				GCC_WARN_UNUSED_VARIABLE = YES;
				IPHONEOS_DEPLOYMENT_TARGET = 14.0;
				MTL_ENABLE_DEBUG_INFO = INCLUDE_SOURCE;
				MTL_FAST_MATH = YES;
				ONLY_ACTIVE_ARCH = YES;
				SDKROOT = iphoneos;
				SWIFT_ACTIVE_COMPILATION_CONDITIONS = DEBUG;
				SWIFT_OPTIMIZATION_LEVEL = "-Onone";
			};
			name = Debug;
		};
		55CDB75825CBA1E1001DAEBD /* Release */ = {
			isa = XCBuildConfiguration;
			buildSettings = {
				ALWAYS_SEARCH_USER_PATHS = NO;
				CLANG_ANALYZER_NONNULL = YES;
				CLANG_ANALYZER_NUMBER_OBJECT_CONVERSION = YES_AGGRESSIVE;
				CLANG_CXX_LANGUAGE_STANDARD = "gnu++14";
				CLANG_CXX_LIBRARY = "libc++";
				CLANG_ENABLE_MODULES = YES;
				CLANG_ENABLE_OBJC_ARC = YES;
				CLANG_ENABLE_OBJC_WEAK = YES;
				CLANG_WARN_BLOCK_CAPTURE_AUTORELEASING = YES;
				CLANG_WARN_BOOL_CONVERSION = YES;
				CLANG_WARN_COMMA = YES;
				CLANG_WARN_CONSTANT_CONVERSION = YES;
				CLANG_WARN_DEPRECATED_OBJC_IMPLEMENTATIONS = YES;
				CLANG_WARN_DIRECT_OBJC_ISA_USAGE = YES_ERROR;
				CLANG_WARN_DOCUMENTATION_COMMENTS = YES;
				CLANG_WARN_EMPTY_BODY = YES;
				CLANG_WARN_ENUM_CONVERSION = YES;
				CLANG_WARN_INFINITE_RECURSION = YES;
				CLANG_WARN_INT_CONVERSION = YES;
				CLANG_WARN_NON_LITERAL_NULL_CONVERSION = YES;
				CLANG_WARN_OBJC_IMPLICIT_RETAIN_SELF = YES;
				CLANG_WARN_OBJC_LITERAL_CONVERSION = YES;
				CLANG_WARN_OBJC_ROOT_CLASS = YES_ERROR;
				CLANG_WARN_QUOTED_INCLUDE_IN_FRAMEWORK_HEADER = YES;
				CLANG_WARN_RANGE_LOOP_ANALYSIS = YES;
				CLANG_WARN_STRICT_PROTOTYPES = YES;
				CLANG_WARN_SUSPICIOUS_MOVE = YES;
				CLANG_WARN_UNGUARDED_AVAILABILITY = YES_AGGRESSIVE;
				CLANG_WARN_UNREACHABLE_CODE = YES;
				CLANG_WARN__DUPLICATE_METHOD_MATCH = YES;
				COPY_PHASE_STRIP = NO;
				DEBUG_INFORMATION_FORMAT = "dwarf-with-dsym";
				ENABLE_NS_ASSERTIONS = NO;
				ENABLE_STRICT_OBJC_MSGSEND = YES;
				GCC_C_LANGUAGE_STANDARD = gnu11;
				GCC_NO_COMMON_BLOCKS = YES;
				GCC_WARN_64_TO_32_BIT_CONVERSION = YES;
				GCC_WARN_ABOUT_RETURN_TYPE = YES_ERROR;
				GCC_WARN_UNDECLARED_SELECTOR = YES;
				GCC_WARN_UNINITIALIZED_AUTOS = YES_AGGRESSIVE;
				GCC_WARN_UNUSED_FUNCTION = YES;
				GCC_WARN_UNUSED_VARIABLE = YES;
				IPHONEOS_DEPLOYMENT_TARGET = 14.0;
				MTL_ENABLE_DEBUG_INFO = NO;
				MTL_FAST_MATH = YES;
				SDKROOT = iphoneos;
				SWIFT_COMPILATION_MODE = wholemodule;
				SWIFT_OPTIMIZATION_LEVEL = "-O";
				VALIDATE_PRODUCT = YES;
			};
			name = Release;
		};
		55CDB75A25CBA1E1001DAEBD /* Debug */ = {
			isa = XCBuildConfiguration;
			buildSettings = {
				ASSETCATALOG_COMPILER_APPICON_NAME = AppIcon;
				ASSETCATALOG_COMPILER_GLOBAL_ACCENT_COLOR_NAME = AccentColor;
				CODE_SIGN_STYLE = Automatic;
				DEVELOPMENT_ASSET_PATHS = "\"RealityKit-Text-Example/Preview Content\"";
				DEVELOPMENT_TEAM = "";
				ENABLE_PREVIEWS = YES;
				INFOPLIST_FILE = "RealityKit-Text-Example/Info.plist";
				IPHONEOS_DEPLOYMENT_TARGET = 14.0;
				LD_RUNPATH_SEARCH_PATHS = (
					"$(inherited)",
					"@executable_path/Frameworks",
				);
				PRODUCT_NAME = "$(TARGET_NAME)";
				SWIFT_VERSION = 5.0;
				TARGETED_DEVICE_FAMILY = "1,2";
			};
			name = Debug;
		};
		55CDB75B25CBA1E1001DAEBD /* Release */ = {
			isa = XCBuildConfiguration;
			buildSettings = {
				ASSETCATALOG_COMPILER_APPICON_NAME = AppIcon;
				ASSETCATALOG_COMPILER_GLOBAL_ACCENT_COLOR_NAME = AccentColor;
				CODE_SIGN_STYLE = Automatic;
				DEVELOPMENT_ASSET_PATHS = "\"RealityKit-Text-Example/Preview Content\"";
				DEVELOPMENT_TEAM = "";
				ENABLE_PREVIEWS = YES;
				INFOPLIST_FILE = "RealityKit-Text-Example/Info.plist";
				IPHONEOS_DEPLOYMENT_TARGET = 14.0;
				LD_RUNPATH_SEARCH_PATHS = (
					"$(inherited)",
					"@executable_path/Frameworks",
				);
				PRODUCT_NAME = "$(TARGET_NAME)";
				SWIFT_VERSION = 5.0;
				TARGETED_DEVICE_FAMILY = "1,2";
			};
			name = Release;
		};
/* End XCBuildConfiguration section */

/* Begin XCConfigurationList section */
		55CDB74325CBA1E0001DAEBD /* Build configuration list for PBXProject "RealityKit-Text-Example" */ = {
			isa = XCConfigurationList;
			buildConfigurations = (
				55CDB75725CBA1E1001DAEBD /* Debug */,
				55CDB75825CBA1E1001DAEBD /* Release */,
			);
			defaultConfigurationIsVisible = 0;
			defaultConfigurationName = Release;
		};
		55CDB75925CBA1E1001DAEBD /* Build configuration list for PBXNativeTarget "RealityKit-Text-Example" */ = {
			isa = XCConfigurationList;
			buildConfigurations = (
				55CDB75A25CBA1E1001DAEBD /* Debug */,
				55CDB75B25CBA1E1001DAEBD /* Release */,
			);
			defaultConfigurationIsVisible = 0;
			defaultConfigurationName = Release;
		};
/* End XCConfigurationList section */
	};
	rootObject = 55CDB74025CBA1E0001DAEBD /* Project object */;
}
